
Microsoft Visual Studio Solution File, Format Version 12.00
# Visual Studio 15
VisualStudioVersion = 15.0.28307.136
MinimumVisualStudioVersion = 10.0.40219.1
Project("{8BC9CEB8-8B4A-11D0-8D11-00A0C91BC942}") = "TensorRT", "TensorRT.vcxproj", "{FBF775F5-DAB4-4BC1-97A9-D36301073438}"
EndProject
Global
	GlobalSection(SolutionConfigurationPlatforms) = preSolution
		Debug|x64 = Debug|x64
		Python|x64 = Python|x64
		Release|x64 = Release|x64
	EndGlobalSection
	GlobalSection(ProjectConfigurationPlatforms) = postSolution
		{FBF775F5-DAB4-4BC1-97A9-D36301073438}.Debug|x64.ActiveCfg = Debug|x64
		{FBF775F5-DAB4-4BC1-97A9-D36301073438}.Debug|x64.Build.0 = Debug|x64
		{FBF775F5-DAB4-4BC1-97A9-D36301073438}.Python|x64.ActiveCfg = Python|x64
		{FBF775F5-DAB4-4BC1-97A9-D36301073438}.Python|x64.Build.0 = Python|x64
		{FBF775F5-DAB4-4BC1-97A9-D36301073438}.Release|x64.ActiveCfg = Release|x64
		{FBF775F5-DAB4-4BC1-97A9-D36301073438}.Release|x64.Build.0 = Release|x64
	EndGlobalSection
	GlobalSection(SolutionProperties) = preSolution
		HideSolutionNode = FALSE
	EndGlobalSection
	GlobalSection(ExtensibilityGlobals) = postSolution
		SolutionGuid = {679F35F0-20AA-4D18-8610-D369E2BE97E8}
	EndGlobalSection
EndGlobal
